
Microsoft Visual Studio Solution File, Format Version 12.00
# Visual Studio Version 16
VisualStudioVersion = 25.0.1705.5
MinimumVisualStudioVersion = 10.0.40219.1
Project("{FAE04EC0-301F-11D3-BF4B-00C04F79EFBC}") = "PasswordManagerApi", "PasswordManagerApi.csproj", "{2BD43DA4-7781-477A-BCA3-838EB9B4A34C}"
EndProject
Global
	GlobalSection(SolutionConfigurationPlatforms) = preSolution
		Debug|Any CPU = Debug|Any CPU
		Release|Any CPU = Release|Any CPU
	EndGlobalSection
	GlobalSection(ProjectConfigurationPlatforms) = postSolution
		{2BD43DA4-7781-477A-BCA3-838EB9B4A34C}.Debug|Any CPU.ActiveCfg = Debug|Any CPU
		{2BD43DA4-7781-477A-BCA3-838EB9B4A34C}.Debug|Any CPU.Build.0 = Debug|Any CPU
		{2BD43DA4-7781-477A-BCA3-838EB9B4A34C}.Release|Any CPU.ActiveCfg = Release|Any CPU
		{2BD43DA4-7781-477A-BCA3-838EB9B4A34C}.Release|Any CPU.Build.0 = Release|Any CPU
	EndGlobalSection
	GlobalSection(SolutionProperties) = preSolution
		HideSolutionNode = FALSE
	EndGlobalSection
	GlobalSection(ExtensibilityGlobals) = postSolution
		SolutionGuid = {2681B868-DCD3-4ECE-B1A7-DF5A28CFFDE2}
	EndGlobalSection
EndGlobal
